
Microsoft Visual Studio Solution File, Format Version 12.00
# Visual Studio Version 16
VisualStudioVersion = 16.0.29519.161
MinimumVisualStudioVersion = 10.0.40219.1
Project("{9A19103F-16F7-4668-BE54-9A1E7A4F7556}") = "SchoolEM", "SchoolEM\SchoolEM.csproj", "{C9656702-33B3-44D1-8863-A5B03FFE59F6}"
EndProject
Project("{9A19103F-16F7-4668-BE54-9A1E7A4F7556}") = "SchoolEM.Tests", "SchoolEM.Tests\SchoolEM.Tests.csproj", "{2FC1BFC3-59DA-48B3-86F2-8C0AC6BED135}"
EndProject
Project("{FAE04EC0-301F-11D3-BF4B-00C04F79EFBC}") = "SchoolEM.Acceptance.Tests", "SchoolEM.Acceptance.Tests\SchoolEM.Acceptance.Tests.csproj", "{C43656DB-C1E9-4134-B435-2CD70288E541}"
EndProject
Global
	GlobalSection(SolutionConfigurationPlatforms) = preSolution
		Debug|Any CPU = Debug|Any CPU
		Release|Any CPU = Release|Any CPU
	EndGlobalSection
	GlobalSection(ProjectConfigurationPlatforms) = postSolution
		{C9656702-33B3-44D1-8863-A5B03FFE59F6}.Debug|Any CPU.ActiveCfg = Debug|Any CPU
		{C9656702-33B3-44D1-8863-A5B03FFE59F6}.Debug|Any CPU.Build.0 = Debug|Any CPU
		{C9656702-33B3-44D1-8863-A5B03FFE59F6}.Release|Any CPU.ActiveCfg = Release|Any CPU
		{C9656702-33B3-44D1-8863-A5B03FFE59F6}.Release|Any CPU.Build.0 = Release|Any CPU
		{2FC1BFC3-59DA-48B3-86F2-8C0AC6BED135}.Debug|Any CPU.ActiveCfg = Debug|Any CPU
		{2FC1BFC3-59DA-48B3-86F2-8C0AC6BED135}.Debug|Any CPU.Build.0 = Debug|Any CPU
		{2FC1BFC3-59DA-48B3-86F2-8C0AC6BED135}.Release|Any CPU.ActiveCfg = Release|Any CPU
		{2FC1BFC3-59DA-48B3-86F2-8C0AC6BED135}.Release|Any CPU.Build.0 = Release|Any CPU
		{C43656DB-C1E9-4134-B435-2CD70288E541}.Debug|Any CPU.ActiveCfg = Debug|Any CPU
		{C43656DB-C1E9-4134-B435-2CD70288E541}.Debug|Any CPU.Build.0 = Debug|Any CPU
		{C43656DB-C1E9-4134-B435-2CD70288E541}.Release|Any CPU.ActiveCfg = Release|Any CPU
		{C43656DB-C1E9-4134-B435-2CD70288E541}.Release|Any CPU.Build.0 = Release|Any CPU
	EndGlobalSection
	GlobalSection(SolutionProperties) = preSolution
		HideSolutionNode = FALSE
	EndGlobalSection
	GlobalSection(ExtensibilityGlobals) = postSolution
		SolutionGuid = {E685DFFE-502E-49B6-BA4D-79E077118E28}
	EndGlobalSection
EndGlobal
